// !$*UTF8*$!
{
	archiveVersion = 1;
	classes = {
	};
	objectVersion = 48;
	objects = {

/* Begin PBXBuildFile section */
		E7440E6A1F52B49800807C48 /* Pulse.swift in Sources */ = {isa = PBXBuildFile; fileRef = E7440E691F52B49800807C48 /* Pulse.swift */; };
		E7440E6C1F52B4CF00807C48 /* Transport.swift in Sources */ = {isa = PBXBuildFile; fileRef = E7440E6B1F52B4CF00807C48 /* Transport.swift */; };
		E7440E6E1F52B67500807C48 /* Emitter.swift in Sources */ = {isa = PBXBuildFile; fileRef = E7440E6D1F52B67500807C48 /* Emitter.swift */; };
		E7440E701F52B6BE00807C48 /* Monitor.swift in Sources */ = {isa = PBXBuildFile; fileRef = E7440E6F1F52B6BE00807C48 /* Monitor.swift */; };
		E7440E721F52D0F100807C48 /* MonitorImpl.swift in Sources */ = {isa = PBXBuildFile; fileRef = E7440E711F52D0F100807C48 /* MonitorImpl.swift */; };
		E7440E761F530DF700807C48 /* DiscreteMonitor.swift in Sources */ = {isa = PBXBuildFile; fileRef = E7440E751F530DF700807C48 /* DiscreteMonitor.swift */; };
		E7440E781F531C3800807C48 /* ContinuousMonitor.swift in Sources */ = {isa = PBXBuildFile; fileRef = E7440E771F531C3800807C48 /* ContinuousMonitor.swift */; };
		E7440E7A1F53312D00807C48 /* Monitor+fmap.swift in Sources */ = {isa = PBXBuildFile; fileRef = E7440E791F53312D00807C48 /* Monitor+fmap.swift */; };
		E7440E7C1F533EBC00807C48 /* Monitor+filter.swift in Sources */ = {isa = PBXBuildFile; fileRef = E7440E7B1F533EBC00807C48 /* Monitor+filter.swift */; };
		E7440E7E1F5341ED00807C48 /* Monitor+mix.swift in Sources */ = {isa = PBXBuildFile; fileRef = E7440E7D1F5341ED00807C48 /* Monitor+mix.swift */; };
		E7440E801F535C3900807C48 /* ContinuousMonitor+tie.swift in Sources */ = {isa = PBXBuildFile; fileRef = E7440E7F1F535C3900807C48 /* ContinuousMonitor+tie.swift */; };
		E7440E821F5491F300807C48 /* Monitor+reduce.swift in Sources */ = {isa = PBXBuildFile; fileRef = E7440E811F5491F300807C48 /* Monitor+reduce.swift */; };
		E7440E851F589AF200807C48 /* Promise.swift in Sources */ = {isa = PBXBuildFile; fileRef = E7440E841F589AF200807C48 /* Promise.swift */; };
		E7BF7F601F5F2471006C1BFC /* ObservableValue.swift in Sources */ = {isa = PBXBuildFile; fileRef = E7BF7F5F1F5F2471006C1BFC /* ObservableValue.swift */; };
		E7CEF29E1F5B04E60098E0ED /* Result.swift in Sources */ = {isa = PBXBuildFile; fileRef = E7CEF29D1F5B04E60098E0ED /* Result.swift */; };
		E7CEF2A01F5B2ADC0098E0ED /* ResultC.swift in Sources */ = {isa = PBXBuildFile; fileRef = E7CEF29F1F5B2ADC0098E0ED /* ResultC.swift */; };
		E7CEF2A21F5B2BA20098E0ED /* CompositeError.swift in Sources */ = {isa = PBXBuildFile; fileRef = E7CEF2A11F5B2BA20098E0ED /* CompositeError.swift */; };
		E7CEF2A71F5B56CF0098E0ED /* MutableValue.swift in Sources */ = {isa = PBXBuildFile; fileRef = E7CEF2A61F5B56CF0098E0ED /* MutableValue.swift */; };
		E7CEF2A91F5B56FA0098E0ED /* Event.swift in Sources */ = {isa = PBXBuildFile; fileRef = E7CEF2A81F5B56FA0098E0ED /* Event.swift */; };
		E7CEF2AB1F5C72130098E0ED /* PromiseC.swift in Sources */ = {isa = PBXBuildFile; fileRef = E7CEF2AA1F5C72130098E0ED /* PromiseC.swift */; };
		E7F9102C1F1802CE00E55373 /* Reactor.framework in Frameworks */ = {isa = PBXBuildFile; fileRef = E7F910221F1802CE00E55373 /* Reactor.framework */; };
		E7F910311F1802CE00E55373 /* ReactorTests.swift in Sources */ = {isa = PBXBuildFile; fileRef = E7F910301F1802CE00E55373 /* ReactorTests.swift */; };
		E7F910331F1802CE00E55373 /* Reactor.h in Headers */ = {isa = PBXBuildFile; fileRef = E7F910251F1802CE00E55373 /* Reactor.h */; settings = {ATTRIBUTES = (Public, ); }; };
/* End PBXBuildFile section */

/* Begin PBXContainerItemProxy section */
		E7F9102D1F1802CE00E55373 /* PBXContainerItemProxy */ = {
			isa = PBXContainerItemProxy;
			containerPortal = E7F910191F1802CE00E55373 /* Project object */;
			proxyType = 1;
			remoteGlobalIDString = E7F910211F1802CE00E55373;
			remoteInfo = Reactor;
		};
/* End PBXContainerItemProxy section */

/* Begin PBXFileReference section */
		E7440E691F52B49800807C48 /* Pulse.swift */ = {isa = PBXFileReference; lastKnownFileType = sourcecode.swift; path = Pulse.swift; sourceTree = "<group>"; };
		E7440E6B1F52B4CF00807C48 /* Transport.swift */ = {isa = PBXFileReference; lastKnownFileType = sourcecode.swift; path = Transport.swift; sourceTree = "<group>"; };
		E7440E6D1F52B67500807C48 /* Emitter.swift */ = {isa = PBXFileReference; lastKnownFileType = sourcecode.swift; path = Emitter.swift; sourceTree = "<group>"; };
		E7440E6F1F52B6BE00807C48 /* Monitor.swift */ = {isa = PBXFileReference; lastKnownFileType = sourcecode.swift; path = Monitor.swift; sourceTree = "<group>"; };
		E7440E711F52D0F100807C48 /* MonitorImpl.swift */ = {isa = PBXFileReference; lastKnownFileType = sourcecode.swift; path = MonitorImpl.swift; sourceTree = "<group>"; };
		E7440E751F530DF700807C48 /* DiscreteMonitor.swift */ = {isa = PBXFileReference; lastKnownFileType = sourcecode.swift; path = DiscreteMonitor.swift; sourceTree = "<group>"; };
		E7440E771F531C3800807C48 /* ContinuousMonitor.swift */ = {isa = PBXFileReference; lastKnownFileType = sourcecode.swift; path = ContinuousMonitor.swift; sourceTree = "<group>"; };
		E7440E791F53312D00807C48 /* Monitor+fmap.swift */ = {isa = PBXFileReference; lastKnownFileType = sourcecode.swift; path = "Monitor+fmap.swift"; sourceTree = "<group>"; };
		E7440E7B1F533EBC00807C48 /* Monitor+filter.swift */ = {isa = PBXFileReference; lastKnownFileType = sourcecode.swift; path = "Monitor+filter.swift"; sourceTree = "<group>"; };
		E7440E7D1F5341ED00807C48 /* Monitor+mix.swift */ = {isa = PBXFileReference; lastKnownFileType = sourcecode.swift; path = "Monitor+mix.swift"; sourceTree = "<group>"; };
		E7440E7F1F535C3900807C48 /* ContinuousMonitor+tie.swift */ = {isa = PBXFileReference; lastKnownFileType = sourcecode.swift; path = "ContinuousMonitor+tie.swift"; sourceTree = "<group>"; };
		E7440E811F5491F300807C48 /* Monitor+reduce.swift */ = {isa = PBXFileReference; lastKnownFileType = sourcecode.swift; path = "Monitor+reduce.swift"; sourceTree = "<group>"; };
		E7440E841F589AF200807C48 /* Promise.swift */ = {isa = PBXFileReference; lastKnownFileType = sourcecode.swift; path = Promise.swift; sourceTree = "<group>"; };
		E7BF7F5F1F5F2471006C1BFC /* ObservableValue.swift */ = {isa = PBXFileReference; lastKnownFileType = sourcecode.swift; path = ObservableValue.swift; sourceTree = "<group>"; };
		E7CEF29D1F5B04E60098E0ED /* Result.swift */ = {isa = PBXFileReference; lastKnownFileType = sourcecode.swift; path = Result.swift; sourceTree = "<group>"; };
		E7CEF29F1F5B2ADC0098E0ED /* ResultC.swift */ = {isa = PBXFileReference; lastKnownFileType = sourcecode.swift; path = ResultC.swift; sourceTree = "<group>"; };
		E7CEF2A11F5B2BA20098E0ED /* CompositeError.swift */ = {isa = PBXFileReference; lastKnownFileType = sourcecode.swift; path = CompositeError.swift; sourceTree = "<group>"; };
		E7CEF2A61F5B56CF0098E0ED /* MutableValue.swift */ = {isa = PBXFileReference; lastKnownFileType = sourcecode.swift; path = MutableValue.swift; sourceTree = "<group>"; };
		E7CEF2A81F5B56FA0098E0ED /* Event.swift */ = {isa = PBXFileReference; lastKnownFileType = sourcecode.swift; path = Event.swift; sourceTree = "<group>"; };
		E7CEF2AA1F5C72130098E0ED /* PromiseC.swift */ = {isa = PBXFileReference; lastKnownFileType = sourcecode.swift; path = PromiseC.swift; sourceTree = "<group>"; };
		E7F910221F1802CE00E55373 /* Reactor.framework */ = {isa = PBXFileReference; explicitFileType = wrapper.framework; includeInIndex = 0; path = Reactor.framework; sourceTree = BUILT_PRODUCTS_DIR; };
		E7F910251F1802CE00E55373 /* Reactor.h */ = {isa = PBXFileReference; lastKnownFileType = sourcecode.c.h; path = Reactor.h; sourceTree = "<group>"; };
		E7F910261F1802CE00E55373 /* Info.plist */ = {isa = PBXFileReference; lastKnownFileType = text.plist.xml; path = Info.plist; sourceTree = "<group>"; };
		E7F9102B1F1802CE00E55373 /* ReactorTests.xctest */ = {isa = PBXFileReference; explicitFileType = wrapper.cfbundle; includeInIndex = 0; path = ReactorTests.xctest; sourceTree = BUILT_PRODUCTS_DIR; };
		E7F910301F1802CE00E55373 /* ReactorTests.swift */ = {isa = PBXFileReference; lastKnownFileType = sourcecode.swift; path = ReactorTests.swift; sourceTree = "<group>"; };
		E7F910321F1802CE00E55373 /* Info.plist */ = {isa = PBXFileReference; lastKnownFileType = text.plist.xml; path = Info.plist; sourceTree = "<group>"; };
/* End PBXFileReference section */

/* Begin PBXFrameworksBuildPhase section */
		E7F9101E1F1802CE00E55373 /* Frameworks */ = {
			isa = PBXFrameworksBuildPhase;
			buildActionMask = 2147483647;
			files = (
			);
			runOnlyForDeploymentPostprocessing = 0;
		};
		E7F910281F1802CE00E55373 /* Frameworks */ = {
			isa = PBXFrameworksBuildPhase;
			buildActionMask = 2147483647;
			files = (
				E7F9102C1F1802CE00E55373 /* Reactor.framework in Frameworks */,
			);
			runOnlyForDeploymentPostprocessing = 0;
		};
/* End PBXFrameworksBuildPhase section */

/* Begin PBXGroup section */
		E727D9FB1F350C9E003D6BCB /* Core */ = {
			isa = PBXGroup;
			children = (
				E7440E691F52B49800807C48 /* Pulse.swift */,
				E7440E6B1F52B4CF00807C48 /* Transport.swift */,
				E7440E6D1F52B67500807C48 /* Emitter.swift */,
				E7440E6F1F52B6BE00807C48 /* Monitor.swift */,
				E7440E711F52D0F100807C48 /* MonitorImpl.swift */,
				E7440E751F530DF700807C48 /* DiscreteMonitor.swift */,
				E7440E771F531C3800807C48 /* ContinuousMonitor.swift */,
				E7440E791F53312D00807C48 /* Monitor+fmap.swift */,
				E7440E811F5491F300807C48 /* Monitor+reduce.swift */,
				E7440E7B1F533EBC00807C48 /* Monitor+filter.swift */,
				E7440E7D1F5341ED00807C48 /* Monitor+mix.swift */,
				E7440E7F1F535C3900807C48 /* ContinuousMonitor+tie.swift */,
			);
			path = Core;
			sourceTree = "<group>";
		};
		E7440E831F589ADE00807C48 /* Promises */ = {
			isa = PBXGroup;
			children = (
				E7440E841F589AF200807C48 /* Promise.swift */,
				E7CEF29D1F5B04E60098E0ED /* Result.swift */,
				E7CEF2AA1F5C72130098E0ED /* PromiseC.swift */,
				E7CEF29F1F5B2ADC0098E0ED /* ResultC.swift */,
				E7CEF2A11F5B2BA20098E0ED /* CompositeError.swift */,
			);
			path = Promises;
			sourceTree = "<group>";
		};
		E7CEF2A31F5B560F0098E0ED /* ObservableValue */ = {
			isa = PBXGroup;
			children = (
				E7CEF2A61F5B56CF0098E0ED /* MutableValue.swift */,
				E7CEF2A81F5B56FA0098E0ED /* Event.swift */,
				E7BF7F5F1F5F2471006C1BFC /* ObservableValue.swift */,
			);
			path = ObservableValue;
			sourceTree = "<group>";
		};
		E7F910181F1802CE00E55373 = {
			isa = PBXGroup;
			children = (
				E7F910241F1802CE00E55373 /* Reactor */,
				E7F9102F1F1802CE00E55373 /* ReactorTests */,
				E7F910231F1802CE00E55373 /* Products */,
			);
			sourceTree = "<group>";
		};
		E7F910231F1802CE00E55373 /* Products */ = {
			isa = PBXGroup;
			children = (
				E7F910221F1802CE00E55373 /* Reactor.framework */,
				E7F9102B1F1802CE00E55373 /* ReactorTests.xctest */,
			);
			name = Products;
			sourceTree = "<group>";
		};
		E7F910241F1802CE00E55373 /* Reactor */ = {
			isa = PBXGroup;
			children = (
				E7CEF2A31F5B560F0098E0ED /* ObservableValue */,
				E7440E831F589ADE00807C48 /* Promises */,
				E727D9FB1F350C9E003D6BCB /* Core */,
				E7F910251F1802CE00E55373 /* Reactor.h */,
				E7F910261F1802CE00E55373 /* Info.plist */,
			);
			path = Reactor;
			sourceTree = "<group>";
		};
		E7F9102F1F1802CE00E55373 /* ReactorTests */ = {
			isa = PBXGroup;
			children = (
				E7F910301F1802CE00E55373 /* ReactorTests.swift */,
				E7F910321F1802CE00E55373 /* Info.plist */,
			);
			path = ReactorTests;
			sourceTree = "<group>";
		};
/* End PBXGroup section */

/* Begin PBXHeadersBuildPhase section */
		E7F9101F1F1802CE00E55373 /* Headers */ = {
			isa = PBXHeadersBuildPhase;
			buildActionMask = 2147483647;
			files = (
				E7F910331F1802CE00E55373 /* Reactor.h in Headers */,
			);
			runOnlyForDeploymentPostprocessing = 0;
		};
/* End PBXHeadersBuildPhase section */

/* Begin PBXNativeTarget section */
		E7F910211F1802CE00E55373 /* Reactor */ = {
			isa = PBXNativeTarget;
			buildConfigurationList = E7F910361F1802CE00E55373 /* Build configuration list for PBXNativeTarget "Reactor" */;
			buildPhases = (
				E7F9101D1F1802CE00E55373 /* Sources */,
				E7F9101E1F1802CE00E55373 /* Frameworks */,
				E7F9101F1F1802CE00E55373 /* Headers */,
				E7F910201F1802CE00E55373 /* Resources */,
			);
			buildRules = (
			);
			dependencies = (
			);
			name = Reactor;
			productName = Reactor;
			productReference = E7F910221F1802CE00E55373 /* Reactor.framework */;
			productType = "com.apple.product-type.framework";
		};
		E7F9102A1F1802CE00E55373 /* ReactorTests */ = {
			isa = PBXNativeTarget;
			buildConfigurationList = E7F910391F1802CE00E55373 /* Build configuration list for PBXNativeTarget "ReactorTests" */;
			buildPhases = (
				E7F910271F1802CE00E55373 /* Sources */,
				E7F910281F1802CE00E55373 /* Frameworks */,
				E7F910291F1802CE00E55373 /* Resources */,
			);
			buildRules = (
			);
			dependencies = (
				E7F9102E1F1802CE00E55373 /* PBXTargetDependency */,
			);
			name = ReactorTests;
			productName = ReactorTests;
			productReference = E7F9102B1F1802CE00E55373 /* ReactorTests.xctest */;
			productType = "com.apple.product-type.bundle.unit-test";
		};
/* End PBXNativeTarget section */

/* Begin PBXProject section */
		E7F910191F1802CE00E55373 /* Project object */ = {
			isa = PBXProject;
			attributes = {
				LastSwiftUpdateCheck = 0900;
				LastUpgradeCheck = 0900;
				ORGANIZATIONNAME = "Victor Bryksin";
				TargetAttributes = {
					E7F910211F1802CE00E55373 = {
						CreatedOnToolsVersion = 9.0;
						LastSwiftMigration = 0900;
					};
					E7F9102A1F1802CE00E55373 = {
						CreatedOnToolsVersion = 9.0;
					};
				};
			};
			buildConfigurationList = E7F9101C1F1802CE00E55373 /* Build configuration list for PBXProject "Reactor" */;
			compatibilityVersion = "Xcode 8.0";
			developmentRegion = en;
			hasScannedForEncodings = 0;
			knownRegions = (
				en,
			);
			mainGroup = E7F910181F1802CE00E55373;
			productRefGroup = E7F910231F1802CE00E55373 /* Products */;
			projectDirPath = "";
			projectRoot = "";
			targets = (
				E7F910211F1802CE00E55373 /* Reactor */,
				E7F9102A1F1802CE00E55373 /* ReactorTests */,
			);
		};
/* End PBXProject section */

/* Begin PBXResourcesBuildPhase section */
		E7F910201F1802CE00E55373 /* Resources */ = {
			isa = PBXResourcesBuildPhase;
			buildActionMask = 2147483647;
			files = (
			);
			runOnlyForDeploymentPostprocessing = 0;
		};
		E7F910291F1802CE00E55373 /* Resources */ = {
			isa = PBXResourcesBuildPhase;
			buildActionMask = 2147483647;
			files = (
			);
			runOnlyForDeploymentPostprocessing = 0;
		};
/* End PBXResourcesBuildPhase section */

/* Begin PBXSourcesBuildPhase section */
		E7F9101D1F1802CE00E55373 /* Sources */ = {
			isa = PBXSourcesBuildPhase;
			buildActionMask = 2147483647;
			files = (
				E7440E701F52B6BE00807C48 /* Monitor.swift in Sources */,
				E7440E781F531C3800807C48 /* ContinuousMonitor.swift in Sources */,
				E7440E7A1F53312D00807C48 /* Monitor+fmap.swift in Sources */,
				E7440E721F52D0F100807C48 /* MonitorImpl.swift in Sources */,
				E7CEF29E1F5B04E60098E0ED /* Result.swift in Sources */,
				E7440E6A1F52B49800807C48 /* Pulse.swift in Sources */,
				E7BF7F601F5F2471006C1BFC /* ObservableValue.swift in Sources */,
				E7CEF2A91F5B56FA0098E0ED /* Event.swift in Sources */,
				E7440E6C1F52B4CF00807C48 /* Transport.swift in Sources */,
				E7440E6E1F52B67500807C48 /* Emitter.swift in Sources */,
				E7440E851F589AF200807C48 /* Promise.swift in Sources */,
				E7CEF2A01F5B2ADC0098E0ED /* ResultC.swift in Sources */,
				E7440E7E1F5341ED00807C48 /* Monitor+mix.swift in Sources */,
				E7440E801F535C3900807C48 /* ContinuousMonitor+tie.swift in Sources */,
				E7CEF2A21F5B2BA20098E0ED /* CompositeError.swift in Sources */,
				E7CEF2AB1F5C72130098E0ED /* PromiseC.swift in Sources */,
				E7440E761F530DF700807C48 /* DiscreteMonitor.swift in Sources */,
				E7440E821F5491F300807C48 /* Monitor+reduce.swift in Sources */,
				E7CEF2A71F5B56CF0098E0ED /* MutableValue.swift in Sources */,
				E7440E7C1F533EBC00807C48 /* Monitor+filter.swift in Sources */,
			);
			runOnlyForDeploymentPostprocessing = 0;
		};
		E7F910271F1802CE00E55373 /* Sources */ = {
			isa = PBXSourcesBuildPhase;
			buildActionMask = 2147483647;
			files = (
				E7F910311F1802CE00E55373 /* ReactorTests.swift in Sources */,
			);
			runOnlyForDeploymentPostprocessing = 0;
		};
/* End PBXSourcesBuildPhase section */

/* Begin PBXTargetDependency section */
		E7F9102E1F1802CE00E55373 /* PBXTargetDependency */ = {
			isa = PBXTargetDependency;
			target = E7F910211F1802CE00E55373 /* Reactor */;
			targetProxy = E7F9102D1F1802CE00E55373 /* PBXContainerItemProxy */;
		};
/* End PBXTargetDependency section */

/* Begin XCBuildConfiguration section */
		E7F910341F1802CE00E55373 /* Debug */ = {
			isa = XCBuildConfiguration;
			buildSettings = {
				ALWAYS_SEARCH_USER_PATHS = NO;
				CLANG_ANALYZER_NONNULL = YES;
				CLANG_ANALYZER_NUMBER_OBJECT_CONVERSION = YES_AGGRESSIVE;
				CLANG_CXX_LANGUAGE_STANDARD = "gnu++14";
				CLANG_CXX_LIBRARY = "libc++";
				CLANG_ENABLE_MODULES = YES;
				CLANG_ENABLE_OBJC_ARC = YES;
				CLANG_WARN_BLOCK_CAPTURE_AUTORELEASING = YES;
				CLANG_WARN_BOOL_CONVERSION = YES;
				CLANG_WARN_COMMA = YES;
				CLANG_WARN_CONSTANT_CONVERSION = YES;
				CLANG_WARN_DIRECT_OBJC_ISA_USAGE = YES_ERROR;
				CLANG_WARN_DOCUMENTATION_COMMENTS = YES;
				CLANG_WARN_EMPTY_BODY = YES;
				CLANG_WARN_ENUM_CONVERSION = YES;
				CLANG_WARN_INFINITE_RECURSION = YES;
				CLANG_WARN_INT_CONVERSION = YES;
				CLANG_WARN_OBJC_ROOT_CLASS = YES_ERROR;
				CLANG_WARN_RANGE_LOOP_ANALYSIS = YES;
				CLANG_WARN_STRICT_PROTOTYPES = YES;
				CLANG_WARN_SUSPICIOUS_MOVE = YES;
				CLANG_WARN_UNGUARDED_AVAILABILITY = YES_AGGRESSIVE;
				CLANG_WARN_UNREACHABLE_CODE = YES;
				CLANG_WARN__DUPLICATE_METHOD_MATCH = YES;
				CODE_SIGN_IDENTITY = "iPhone Developer";
				COPY_PHASE_STRIP = NO;
				CURRENT_PROJECT_VERSION = 1;
				DEBUG_INFORMATION_FORMAT = dwarf;
				ENABLE_STRICT_OBJC_MSGSEND = YES;
				ENABLE_TESTABILITY = YES;
				GCC_C_LANGUAGE_STANDARD = gnu11;
				GCC_DYNAMIC_NO_PIC = NO;
				GCC_NO_COMMON_BLOCKS = YES;
				GCC_OPTIMIZATION_LEVEL = 0;
				GCC_PREPROCESSOR_DEFINITIONS = (
					"DEBUG=1",
					"$(inherited)",
				);
				GCC_WARN_64_TO_32_BIT_CONVERSION = YES;
				GCC_WARN_ABOUT_RETURN_TYPE = YES_ERROR;
				GCC_WARN_UNDECLARED_SELECTOR = YES;
				GCC_WARN_UNINITIALIZED_AUTOS = YES_AGGRESSIVE;
				GCC_WARN_UNUSED_FUNCTION = YES;
				GCC_WARN_UNUSED_VARIABLE = YES;
				IPHONEOS_DEPLOYMENT_TARGET = 11.0;
				MTL_ENABLE_DEBUG_INFO = YES;
				ONLY_ACTIVE_ARCH = YES;
				SDKROOT = iphoneos;
				SWIFT_ACTIVE_COMPILATION_CONDITIONS = DEBUG;
				SWIFT_OPTIMIZATION_LEVEL = "-Onone";
				VERSIONING_SYSTEM = "apple-generic";
				VERSION_INFO_PREFIX = "";
			};
			name = Debug;
		};
		E7F910351F1802CE00E55373 /* Release */ = {
			isa = XCBuildConfiguration;
			buildSettings = {
				ALWAYS_SEARCH_USER_PATHS = NO;
				CLANG_ANALYZER_NONNULL = YES;
				CLANG_ANALYZER_NUMBER_OBJECT_CONVERSION = YES_AGGRESSIVE;
				CLANG_CXX_LANGUAGE_STANDARD = "gnu++14";
				CLANG_CXX_LIBRARY = "libc++";
				CLANG_ENABLE_MODULES = YES;
				CLANG_ENABLE_OBJC_ARC = YES;
				CLANG_WARN_BLOCK_CAPTURE_AUTORELEASING = YES;
				CLANG_WARN_BOOL_CONVERSION = YES;
				CLANG_WARN_COMMA = YES;
				CLANG_WARN_CONSTANT_CONVERSION = YES;
				CLANG_WARN_DIRECT_OBJC_ISA_USAGE = YES_ERROR;
				CLANG_WARN_DOCUMENTATION_COMMENTS = YES;
				CLANG_WARN_EMPTY_BODY = YES;
				CLANG_WARN_ENUM_CONVERSION = YES;
				CLANG_WARN_INFINITE_RECURSION = YES;
				CLANG_WARN_INT_CONVERSION = YES;
				CLANG_WARN_OBJC_ROOT_CLASS = YES_ERROR;
				CLANG_WARN_RANGE_LOOP_ANALYSIS = YES;
				CLANG_WARN_STRICT_PROTOTYPES = YES;
				CLANG_WARN_SUSPICIOUS_MOVE = YES;
				CLANG_WARN_UNGUARDED_AVAILABILITY = YES_AGGRESSIVE;
				CLANG_WARN_UNREACHABLE_CODE = YES;
				CLANG_WARN__DUPLICATE_METHOD_MATCH = YES;
				CODE_SIGN_IDENTITY = "iPhone Developer";
				COPY_PHASE_STRIP = NO;
				CURRENT_PROJECT_VERSION = 1;
				DEBUG_INFORMATION_FORMAT = "dwarf-with-dsym";
				ENABLE_NS_ASSERTIONS = NO;
				ENABLE_STRICT_OBJC_MSGSEND = YES;
				GCC_C_LANGUAGE_STANDARD = gnu11;
				GCC_NO_COMMON_BLOCKS = YES;
				GCC_WARN_64_TO_32_BIT_CONVERSION = YES;
				GCC_WARN_ABOUT_RETURN_TYPE = YES_ERROR;
				GCC_WARN_UNDECLARED_SELECTOR = YES;
				GCC_WARN_UNINITIALIZED_AUTOS = YES_AGGRESSIVE;
				GCC_WARN_UNUSED_FUNCTION = YES;
				GCC_WARN_UNUSED_VARIABLE = YES;
				IPHONEOS_DEPLOYMENT_TARGET = 11.0;
				MTL_ENABLE_DEBUG_INFO = NO;
				SDKROOT = iphoneos;
				SWIFT_OPTIMIZATION_LEVEL = "-Owholemodule";
				VALIDATE_PRODUCT = YES;
				VERSIONING_SYSTEM = "apple-generic";
				VERSION_INFO_PREFIX = "";
			};
			name = Release;
		};
		E7F910371F1802CE00E55373 /* Debug */ = {
			isa = XCBuildConfiguration;
			buildSettings = {
				CLANG_ENABLE_MODULES = YES;
				CODE_SIGN_IDENTITY = "";
				DEFINES_MODULE = YES;
				DEVELOPMENT_TEAM = Q9A75UDV4B;
				DYLIB_COMPATIBILITY_VERSION = 1;
				DYLIB_CURRENT_VERSION = 1;
				DYLIB_INSTALL_NAME_BASE = "@rpath";
				INFOPLIST_FILE = Reactor/Info.plist;
				INSTALL_PATH = "$(LOCAL_LIBRARY_DIR)/Frameworks";
				LD_RUNPATH_SEARCH_PATHS = "$(inherited) @executable_path/Frameworks @loader_path/Frameworks";
				PRODUCT_BUNDLE_IDENTIFIER = ru.virtualmind.Reactor;
				PRODUCT_NAME = "$(TARGET_NAME:c99extidentifier)";
				SKIP_INSTALL = YES;
				SWIFT_OPTIMIZATION_LEVEL = "-Onone";
				SWIFT_VERSION = 4.0;
				TARGETED_DEVICE_FAMILY = "1,2";
			};
			name = Debug;
		};
		E7F910381F1802CE00E55373 /* Release */ = {
			isa = XCBuildConfiguration;
			buildSettings = {
				CLANG_ENABLE_MODULES = YES;
				CODE_SIGN_IDENTITY = "";
				DEFINES_MODULE = YES;
				DEVELOPMENT_TEAM = Q9A75UDV4B;
				DYLIB_COMPATIBILITY_VERSION = 1;
				DYLIB_CURRENT_VERSION = 1;
				DYLIB_INSTALL_NAME_BASE = "@rpath";
				INFOPLIST_FILE = Reactor/Info.plist;
				INSTALL_PATH = "$(LOCAL_LIBRARY_DIR)/Frameworks";
				LD_RUNPATH_SEARCH_PATHS = "$(inherited) @executable_path/Frameworks @loader_path/Frameworks";
				PRODUCT_BUNDLE_IDENTIFIER = ru.virtualmind.Reactor;
				PRODUCT_NAME = "$(TARGET_NAME:c99extidentifier)";
				SKIP_INSTALL = YES;
				SWIFT_VERSION = 4.0;
				TARGETED_DEVICE_FAMILY = "1,2";
			};
			name = Release;
		};
		E7F9103A1F1802CE00E55373 /* Debug */ = {
			isa = XCBuildConfiguration;
			buildSettings = {
				ALWAYS_EMBED_SWIFT_STANDARD_LIBRARIES = YES;
				DEVELOPMENT_TEAM = Q9A75UDV4B;
				INFOPLIST_FILE = ReactorTests/Info.plist;
				LD_RUNPATH_SEARCH_PATHS = "$(inherited) @executable_path/Frameworks @loader_path/Frameworks";
				PRODUCT_BUNDLE_IDENTIFIER = ru.virtualmind.ReactorTests;
				PRODUCT_NAME = "$(TARGET_NAME)";
				SWIFT_VERSION = 4.0;
				TARGETED_DEVICE_FAMILY = "1,2";
			};
			name = Debug;
		};
		E7F9103B1F1802CE00E55373 /* Release */ = {
			isa = XCBuildConfiguration;
			buildSettings = {
				ALWAYS_EMBED_SWIFT_STANDARD_LIBRARIES = YES;
				DEVELOPMENT_TEAM = Q9A75UDV4B;
				INFOPLIST_FILE = ReactorTests/Info.plist;
				LD_RUNPATH_SEARCH_PATHS = "$(inherited) @executable_path/Frameworks @loader_path/Frameworks";
				PRODUCT_BUNDLE_IDENTIFIER = ru.virtualmind.ReactorTests;
				PRODUCT_NAME = "$(TARGET_NAME)";
				SWIFT_VERSION = 4.0;
				TARGETED_DEVICE_FAMILY = "1,2";
			};
			name = Release;
		};
/* End XCBuildConfiguration section */

/* Begin XCConfigurationList section */
		E7F9101C1F1802CE00E55373 /* Build configuration list for PBXProject "Reactor" */ = {
			isa = XCConfigurationList;
			buildConfigurations = (
				E7F910341F1802CE00E55373 /* Debug */,
				E7F910351F1802CE00E55373 /* Release */,
			);
			defaultConfigurationIsVisible = 0;
			defaultConfigurationName = Release;
		};
		E7F910361F1802CE00E55373 /* Build configuration list for PBXNativeTarget "Reactor" */ = {
			isa = XCConfigurationList;
			buildConfigurations = (
				E7F910371F1802CE00E55373 /* Debug */,
				E7F910381F1802CE00E55373 /* Release */,
			);
			defaultConfigurationIsVisible = 0;
			defaultConfigurationName = Release;
		};
		E7F910391F1802CE00E55373 /* Build configuration list for PBXNativeTarget "ReactorTests" */ = {
			isa = XCConfigurationList;
			buildConfigurations = (
				E7F9103A1F1802CE00E55373 /* Debug */,
				E7F9103B1F1802CE00E55373 /* Release */,
			);
			defaultConfigurationIsVisible = 0;
			defaultConfigurationName = Release;
		};
/* End XCConfigurationList section */
	};
	rootObject = E7F910191F1802CE00E55373 /* Project object */;
}
